
Microsoft Visual Studio Solution File, Format Version 12.00
# Visual Studio Version 16
VisualStudioVersion = 16.0.30204.135
MinimumVisualStudioVersion = 10.0.40219.1
Project("{FAE04EC0-301F-11D3-BF4B-00C04F79EFBC}") = "ProyectoCargaMasivaInformacion", "ProyectoCargaMasivaInformacion\ProyectoCargaMasivaInformacion.csproj", "{C3D35DD9-9197-4440-93E5-88DA78873F1B}"
EndProject
Project("{FAE04EC0-301F-11D3-BF4B-00C04F79EFBC}") = "CapaNegocio", "CapaNegocio\CapaNegocio.csproj", "{2A86FEFB-17A4-4216-9E15-F9C53100E8FD}"
EndProject
Project("{FAE04EC0-301F-11D3-BF4B-00C04F79EFBC}") = "CapaDatos", "CapaDatos\CapaDatos.csproj", "{3201E943-F71A-489E-86A6-8B123FECF775}"
EndProject
Global
	GlobalSection(SolutionConfigurationPlatforms) = preSolution
		Debug|Any CPU = Debug|Any CPU
		Release|Any CPU = Release|Any CPU
	EndGlobalSection
	GlobalSection(ProjectConfigurationPlatforms) = postSolution
		{C3D35DD9-9197-4440-93E5-88DA78873F1B}.Debug|Any CPU.ActiveCfg = Debug|Any CPU
		{C3D35DD9-9197-4440-93E5-88DA78873F1B}.Debug|Any CPU.Build.0 = Debug|Any CPU
		{C3D35DD9-9197-4440-93E5-88DA78873F1B}.Release|Any CPU.ActiveCfg = Release|Any CPU
		{C3D35DD9-9197-4440-93E5-88DA78873F1B}.Release|Any CPU.Build.0 = Release|Any CPU
		{2A86FEFB-17A4-4216-9E15-F9C53100E8FD}.Debug|Any CPU.ActiveCfg = Debug|Any CPU
		{2A86FEFB-17A4-4216-9E15-F9C53100E8FD}.Debug|Any CPU.Build.0 = Debug|Any CPU
		{2A86FEFB-17A4-4216-9E15-F9C53100E8FD}.Release|Any CPU.ActiveCfg = Release|Any CPU
		{2A86FEFB-17A4-4216-9E15-F9C53100E8FD}.Release|Any CPU.Build.0 = Release|Any CPU
		{3201E943-F71A-489E-86A6-8B123FECF775}.Debug|Any CPU.ActiveCfg = Debug|Any CPU
		{3201E943-F71A-489E-86A6-8B123FECF775}.Debug|Any CPU.Build.0 = Debug|Any CPU
		{3201E943-F71A-489E-86A6-8B123FECF775}.Release|Any CPU.ActiveCfg = Release|Any CPU
		{3201E943-F71A-489E-86A6-8B123FECF775}.Release|Any CPU.Build.0 = Release|Any CPU
	EndGlobalSection
	GlobalSection(SolutionProperties) = preSolution
		HideSolutionNode = FALSE
	EndGlobalSection
	GlobalSection(ExtensibilityGlobals) = postSolution
		SolutionGuid = {9EF188CA-E829-4752-A183-26361D8D56ED}
	EndGlobalSection
EndGlobal
